// !$*UTF8*$!
{
	archiveVersion = 1;
	classes = {
	};
	objectVersion = 46;
	objects = {

/* Begin PBXBuildFile section */
		6F2573F1195556B70021BD56 /* AppDelegate.swift in Sources */ = {isa = PBXBuildFile; fileRef = 6F2573F0195556B70021BD56 /* AppDelegate.swift */; };
		6F2573F3195556B70021BD56 /* AuthView.swift in Sources */ = {isa = PBXBuildFile; fileRef = 6F2573F2195556B70021BD56 /* AuthView.swift */; };
		6F257404195556B70021BD56 /* Swifter_TutorialTests.swift in Sources */ = {isa = PBXBuildFile; fileRef = 6F257403195556B70021BD56 /* Swifter_TutorialTests.swift */; };
		6F25749519555A2E0021BD56 /* SwifteriOS.framework in Frameworks */ = {isa = PBXBuildFile; fileRef = 6F25748E195559B90021BD56 /* SwifteriOS.framework */; };
		6F25749719555CD60021BD56 /* Images.xcassets in Resources */ = {isa = PBXBuildFile; fileRef = 6F25749619555CD60021BD56 /* Images.xcassets */; };
		6F4F70E719555F0200D224DD /* Main.storyboard in Resources */ = {isa = PBXBuildFile; fileRef = 6F4F70E619555F0200D224DD /* Main.storyboard */; };
		6F4F70E819555F0200D224DD /* Main.storyboard in Resources */ = {isa = PBXBuildFile; fileRef = 6F4F70E619555F0200D224DD /* Main.storyboard */; };
		6FD0F634195571D2001AC4DD /* RecentTweets.swift in Sources */ = {isa = PBXBuildFile; fileRef = 6FD0F633195571D2001AC4DD /* RecentTweets.swift */; };
		6FD0F635195571D2001AC4DD /* RecentTweets.swift in Sources */ = {isa = PBXBuildFile; fileRef = 6FD0F633195571D2001AC4DD /* RecentTweets.swift */; };
/* End PBXBuildFile section */

/* Begin PBXContainerItemProxy section */
		6F2573FE195556B70021BD56 /* PBXContainerItemProxy */ = {
			isa = PBXContainerItemProxy;
			containerPortal = 6F2573E3195556B70021BD56 /* Project object */;
			proxyType = 1;
			remoteGlobalIDString = 6F2573EA195556B70021BD56;
			remoteInfo = "Swifter Tutorial";
		};
		6F25748B195559B90021BD56 /* PBXContainerItemProxy */ = {
			isa = PBXContainerItemProxy;
			containerPortal = 6F257483195559B90021BD56 /* Swifter.xcodeproj */;
			proxyType = 2;
			remoteGlobalIDString = 8B300C1F1944AA1A00993175;
			remoteInfo = SwifterDemoiOS;
		};
		6F25748D195559B90021BD56 /* PBXContainerItemProxy */ = {
			isa = PBXContainerItemProxy;
			containerPortal = 6F257483195559B90021BD56 /* Swifter.xcodeproj */;
			proxyType = 2;
			remoteGlobalIDString = 8B9F50EE1944A5AB00894629;
			remoteInfo = SwifteriOS;
		};
		6F25748F195559B90021BD56 /* PBXContainerItemProxy */ = {
			isa = PBXContainerItemProxy;
			containerPortal = 6F257483195559B90021BD56 /* Swifter.xcodeproj */;
			proxyType = 2;
			remoteGlobalIDString = 8B9F51131944A61D00894629;
			remoteInfo = SwifterMac;
		};
		6F257491195559B90021BD56 /* PBXContainerItemProxy */ = {
			isa = PBXContainerItemProxy;
			containerPortal = 6F257483195559B90021BD56 /* Swifter.xcodeproj */;
			proxyType = 2;
			remoteGlobalIDString = 8B300C471944AECB00993175;
			remoteInfo = SwifterDemoMac;
		};
		6F257493195559B90021BD56 /* PBXContainerItemProxy */ = {
			isa = PBXContainerItemProxy;
			containerPortal = 6F257483195559B90021BD56 /* Swifter.xcodeproj */;
			proxyType = 2;
			remoteGlobalIDString = 8B300C5A1944AECB00993175;
			remoteInfo = SwifterDemoMacTests;
		};
/* End PBXContainerItemProxy section */

/* Begin PBXFileReference section */
		6F2573EB195556B70021BD56 /* Swifter Tutorial.app */ = {isa = PBXFileReference; explicitFileType = wrapper.application; includeInIndex = 0; path = "Swifter Tutorial.app"; sourceTree = BUILT_PRODUCTS_DIR; };
		6F2573EF195556B70021BD56 /* Info.plist */ = {isa = PBXFileReference; lastKnownFileType = text.plist.xml; path = Info.plist; sourceTree = "<group>"; };
		6F2573F0195556B70021BD56 /* AppDelegate.swift */ = {isa = PBXFileReference; lastKnownFileType = sourcecode.swift; path = AppDelegate.swift; sourceTree = "<group>"; };
		6F2573F2195556B70021BD56 /* AuthView.swift */ = {isa = PBXFileReference; indentWidth = 2; lastKnownFileType = sourcecode.swift; path = AuthView.swift; sourceTree = "<group>"; tabWidth = 2; };
		6F2573FD195556B70021BD56 /* Swifter TutorialTests.xctest */ = {isa = PBXFileReference; explicitFileType = wrapper.cfbundle; includeInIndex = 0; path = "Swifter TutorialTests.xctest"; sourceTree = BUILT_PRODUCTS_DIR; };
		6F257402195556B70021BD56 /* Info.plist */ = {isa = PBXFileReference; lastKnownFileType = text.plist.xml; path = Info.plist; sourceTree = "<group>"; };
		6F257403195556B70021BD56 /* Swifter_TutorialTests.swift */ = {isa = PBXFileReference; lastKnownFileType = sourcecode.swift; path = Swifter_TutorialTests.swift; sourceTree = "<group>"; };
		6F257483195559B90021BD56 /* Swifter.xcodeproj */ = {isa = PBXFileReference; lastKnownFileType = "wrapper.pb-project"; name = Swifter.xcodeproj; path = ../../swifter/Swifter.xcodeproj; sourceTree = "<group>"; };
		6F25749619555CD60021BD56 /* Images.xcassets */ = {isa = PBXFileReference; lastKnownFileType = folder.assetcatalog; path = Images.xcassets; sourceTree = "<group>"; };
		6F4F70E619555F0200D224DD /* Main.storyboard */ = {isa = PBXFileReference; fileEncoding = 4; lastKnownFileType = file.storyboard; path = Main.storyboard; sourceTree = "<group>"; };
		6FD0F633195571D2001AC4DD /* RecentTweets.swift */ = {isa = PBXFileReference; fileEncoding = 4; lastKnownFileType = sourcecode.swift; path = RecentTweets.swift; sourceTree = "<group>"; };
/* End PBXFileReference section */

/* Begin PBXFrameworksBuildPhase section */
		6F2573E8195556B70021BD56 /* Frameworks */ = {
			isa = PBXFrameworksBuildPhase;
			buildActionMask = 2147483647;
			files = (
				6F25749519555A2E0021BD56 /* SwifteriOS.framework in Frameworks */,
			);
			runOnlyForDeploymentPostprocessing = 0;
		};
		6F2573FA195556B70021BD56 /* Frameworks */ = {
			isa = PBXFrameworksBuildPhase;
			buildActionMask = 2147483647;
			files = (
			);
			runOnlyForDeploymentPostprocessing = 0;
		};
/* End PBXFrameworksBuildPhase section */

/* Begin PBXGroup section */
		6F2573E2195556B70021BD56 = {
			isa = PBXGroup;
			children = (
				6F2573ED195556B70021BD56 /* Swifter Tutorial */,
				6F257400195556B70021BD56 /* Swifter TutorialTests */,
				6F2573EC195556B70021BD56 /* Products */,
				6F257483195559B90021BD56 /* Swifter.xcodeproj */,
			);
			sourceTree = "<group>";
		};
		6F2573EC195556B70021BD56 /* Products */ = {
			isa = PBXGroup;
			children = (
				6F2573EB195556B70021BD56 /* Swifter Tutorial.app */,
				6F2573FD195556B70021BD56 /* Swifter TutorialTests.xctest */,
			);
			name = Products;
			sourceTree = "<group>";
		};
		6F2573ED195556B70021BD56 /* Swifter Tutorial */ = {
			isa = PBXGroup;
			children = (
				6FD0F66819557472001AC4DD /* Controllers */,
				6F2573F0195556B70021BD56 /* AppDelegate.swift */,
				6F4F70E619555F0200D224DD /* Main.storyboard */,
				6F25749619555CD60021BD56 /* Images.xcassets */,
				6F2573EE195556B70021BD56 /* Supporting Files */,
			);
			path = "Swifter Tutorial";
			sourceTree = "<group>";
		};
		6F2573EE195556B70021BD56 /* Supporting Files */ = {
			isa = PBXGroup;
			children = (
				6F2573EF195556B70021BD56 /* Info.plist */,
			);
			name = "Supporting Files";
			sourceTree = "<group>";
		};
		6F257400195556B70021BD56 /* Swifter TutorialTests */ = {
			isa = PBXGroup;
			children = (
				6F257403195556B70021BD56 /* Swifter_TutorialTests.swift */,
				6F257401195556B70021BD56 /* Supporting Files */,
			);
			path = "Swifter TutorialTests";
			sourceTree = "<group>";
		};
		6F257401195556B70021BD56 /* Supporting Files */ = {
			isa = PBXGroup;
			children = (
				6F257402195556B70021BD56 /* Info.plist */,
			);
			name = "Supporting Files";
			sourceTree = "<group>";
		};
		6F257484195559B90021BD56 /* Products */ = {
			isa = PBXGroup;
			children = (
				6F25748C195559B90021BD56 /* SwifterDemoiOS.app */,
				6F25748E195559B90021BD56 /* SwifteriOS.framework */,
				6F257490195559B90021BD56 /* SwifterMac.framework */,
				6F257492195559B90021BD56 /* SwifterDemoMac.app */,
				6F257494195559B90021BD56 /* SwifterDemoMacTests.xctest */,
			);
			name = Products;
			sourceTree = "<group>";
		};
		6FD0F66819557472001AC4DD /* Controllers */ = {
			isa = PBXGroup;
			children = (
				6F2573F2195556B70021BD56 /* AuthView.swift */,
				6FD0F633195571D2001AC4DD /* RecentTweets.swift */,
			);
			name = Controllers;
			sourceTree = "<group>";
		};
/* End PBXGroup section */

/* Begin PBXNativeTarget section */
		6F2573EA195556B70021BD56 /* Swifter Tutorial */ = {
			isa = PBXNativeTarget;
			buildConfigurationList = 6F257407195556B70021BD56 /* Build configuration list for PBXNativeTarget "Swifter Tutorial" */;
			buildPhases = (
				6F2573E7195556B70021BD56 /* Sources */,
				6F2573E8195556B70021BD56 /* Frameworks */,
				6F2573E9195556B70021BD56 /* Resources */,
			);
			buildRules = (
			);
			dependencies = (
			);
			name = "Swifter Tutorial";
			productName = "Swifter Tutorial";
			productReference = 6F2573EB195556B70021BD56 /* Swifter Tutorial.app */;
			productType = "com.apple.product-type.application";
		};
		6F2573FC195556B70021BD56 /* Swifter TutorialTests */ = {
			isa = PBXNativeTarget;
			buildConfigurationList = 6F25740A195556B70021BD56 /* Build configuration list for PBXNativeTarget "Swifter TutorialTests" */;
			buildPhases = (
				6F2573F9195556B70021BD56 /* Sources */,
				6F2573FA195556B70021BD56 /* Frameworks */,
				6F2573FB195556B70021BD56 /* Resources */,
			);
			buildRules = (
			);
			dependencies = (
				6F2573FF195556B70021BD56 /* PBXTargetDependency */,
			);
			name = "Swifter TutorialTests";
			productName = "Swifter TutorialTests";
			productReference = 6F2573FD195556B70021BD56 /* Swifter TutorialTests.xctest */;
			productType = "com.apple.product-type.bundle.unit-test";
		};
/* End PBXNativeTarget section */

/* Begin PBXProject section */
		6F2573E3195556B70021BD56 /* Project object */ = {
			isa = PBXProject;
			attributes = {
				LastUpgradeCheck = 0600;
				ORGANIZATIONNAME = "Unicorn Ltd";
				TargetAttributes = {
					6F2573EA195556B70021BD56 = {
						CreatedOnToolsVersion = 6.0;
					};
					6F2573FC195556B70021BD56 = {
						CreatedOnToolsVersion = 6.0;
						TestTargetID = 6F2573EA195556B70021BD56;
					};
				};
			};
			buildConfigurationList = 6F2573E6195556B70021BD56 /* Build configuration list for PBXProject "Swifter Tutorial" */;
			compatibilityVersion = "Xcode 3.2";
			developmentRegion = English;
			hasScannedForEncodings = 0;
			knownRegions = (
				en,
				Base,
			);
			mainGroup = 6F2573E2195556B70021BD56;
			productRefGroup = 6F2573EC195556B70021BD56 /* Products */;
			projectDirPath = "";
			projectReferences = (
				{
					ProductGroup = 6F257484195559B90021BD56 /* Products */;
					ProjectRef = 6F257483195559B90021BD56 /* Swifter.xcodeproj */;
				},
			);
			projectRoot = "";
			targets = (
				6F2573EA195556B70021BD56 /* Swifter Tutorial */,
				6F2573FC195556B70021BD56 /* Swifter TutorialTests */,
			);
		};
/* End PBXProject section */

/* Begin PBXReferenceProxy section */
		6F25748C195559B90021BD56 /* SwifterDemoiOS.app */ = {
			isa = PBXReferenceProxy;
			fileType = wrapper.application;
			path = SwifterDemoiOS.app;
			remoteRef = 6F25748B195559B90021BD56 /* PBXContainerItemProxy */;
			sourceTree = BUILT_PRODUCTS_DIR;
		};
		6F25748E195559B90021BD56 /* SwifteriOS.framework */ = {
			isa = PBXReferenceProxy;
			fileType = wrapper.framework;
			path = SwifteriOS.framework;
			remoteRef = 6F25748D195559B90021BD56 /* PBXContainerItemProxy */;
			sourceTree = BUILT_PRODUCTS_DIR;
		};
		6F257490195559B90021BD56 /* SwifterMac.framework */ = {
			isa = PBXReferenceProxy;
			fileType = wrapper.framework;
			path = SwifterMac.framework;
			remoteRef = 6F25748F195559B90021BD56 /* PBXContainerItemProxy */;
			sourceTree = BUILT_PRODUCTS_DIR;
		};
		6F257492195559B90021BD56 /* SwifterDemoMac.app */ = {
			isa = PBXReferenceProxy;
			fileType = wrapper.application;
			path = SwifterDemoMac.app;
			remoteRef = 6F257491195559B90021BD56 /* PBXContainerItemProxy */;
			sourceTree = BUILT_PRODUCTS_DIR;
		};
		6F257494195559B90021BD56 /* SwifterDemoMacTests.xctest */ = {
			isa = PBXReferenceProxy;
			fileType = wrapper.cfbundle;
			path = SwifterDemoMacTests.xctest;
			remoteRef = 6F257493195559B90021BD56 /* PBXContainerItemProxy */;
			sourceTree = BUILT_PRODUCTS_DIR;
		};
/* End PBXReferenceProxy section */

/* Begin PBXResourcesBuildPhase section */
		6F2573E9195556B70021BD56 /* Resources */ = {
			isa = PBXResourcesBuildPhase;
			buildActionMask = 2147483647;
			files = (
				6F4F70E719555F0200D224DD /* Main.storyboard in Resources */,
				6F25749719555CD60021BD56 /* Images.xcassets in Resources */,
			);
			runOnlyForDeploymentPostprocessing = 0;
		};
		6F2573FB195556B70021BD56 /* Resources */ = {
			isa = PBXResourcesBuildPhase;
			buildActionMask = 2147483647;
			files = (
				6F4F70E819555F0200D224DD /* Main.storyboard in Resources */,
			);
			runOnlyForDeploymentPostprocessing = 0;
		};
/* End PBXResourcesBuildPhase section */

/* Begin PBXSourcesBuildPhase section */
		6F2573E7195556B70021BD56 /* Sources */ = {
			isa = PBXSourcesBuildPhase;
			buildActionMask = 2147483647;
			files = (
				6F2573F3195556B70021BD56 /* AuthView.swift in Sources */,
				6F2573F1195556B70021BD56 /* AppDelegate.swift in Sources */,
				6FD0F634195571D2001AC4DD /* RecentTweets.swift in Sources */,
			);
			runOnlyForDeploymentPostprocessing = 0;
		};
		6F2573F9195556B70021BD56 /* Sources */ = {
			isa = PBXSourcesBuildPhase;
			buildActionMask = 2147483647;
			files = (
				6FD0F635195571D2001AC4DD /* RecentTweets.swift in Sources */,
				6F257404195556B70021BD56 /* Swifter_TutorialTests.swift in Sources */,
			);
			runOnlyForDeploymentPostprocessing = 0;
		};
/* End PBXSourcesBuildPhase section */

/* Begin PBXTargetDependency section */
		6F2573FF195556B70021BD56 /* PBXTargetDependency */ = {
			isa = PBXTargetDependency;
			target = 6F2573EA195556B70021BD56 /* Swifter Tutorial */;
			targetProxy = 6F2573FE195556B70021BD56 /* PBXContainerItemProxy */;
		};
/* End PBXTargetDependency section */

/* Begin XCBuildConfiguration section */
		6F257405195556B70021BD56 /* Debug */ = {
			isa = XCBuildConfiguration;
			buildSettings = {
				ALWAYS_SEARCH_USER_PATHS = NO;
				CLANG_CXX_LANGUAGE_STANDARD = "gnu++0x";
				CLANG_CXX_LIBRARY = "libc++";
				CLANG_ENABLE_MODULES = YES;
				CLANG_ENABLE_OBJC_ARC = YES;
				CLANG_WARN_BOOL_CONVERSION = YES;
				CLANG_WARN_CONSTANT_CONVERSION = YES;
				CLANG_WARN_DIRECT_OBJC_ISA_USAGE = YES_ERROR;
				CLANG_WARN_EMPTY_BODY = YES;
				CLANG_WARN_ENUM_CONVERSION = YES;
				CLANG_WARN_INT_CONVERSION = YES;
				CLANG_WARN_OBJC_ROOT_CLASS = YES_ERROR;
				CLANG_WARN_UNREACHABLE_CODE = YES;
				CLANG_WARN__DUPLICATE_METHOD_MATCH = YES;
				"CODE_SIGN_IDENTITY[sdk=iphoneos*]" = "iPhone Developer";
				COPY_PHASE_STRIP = NO;
				ENABLE_STRICT_OBJC_MSGSEND = YES;
				GCC_C_LANGUAGE_STANDARD = gnu99;
				GCC_DYNAMIC_NO_PIC = NO;
				GCC_OPTIMIZATION_LEVEL = 0;
				GCC_PREPROCESSOR_DEFINITIONS = (
					"DEBUG=1",
					"$(inherited)",
				);
				GCC_SYMBOLS_PRIVATE_EXTERN = NO;
				GCC_WARN_64_TO_32_BIT_CONVERSION = YES;
				GCC_WARN_ABOUT_RETURN_TYPE = YES_ERROR;
				GCC_WARN_UNDECLARED_SELECTOR = YES;
				GCC_WARN_UNINITIALIZED_AUTOS = YES_AGGRESSIVE;
				GCC_WARN_UNUSED_FUNCTION = YES;
				GCC_WARN_UNUSED_VARIABLE = YES;
				IPHONEOS_DEPLOYMENT_TARGET = 8.0;
				METAL_ENABLE_DEBUG_INFO = YES;
				ONLY_ACTIVE_ARCH = YES;
				SDKROOT = iphoneos;
				SWIFT_OPTIMIZATION_LEVEL = "-Onone";
			};
			name = Debug;
		};
		6F257406195556B70021BD56 /* Release */ = {
			isa = XCBuildConfiguration;
			buildSettings = {
				ALWAYS_SEARCH_USER_PATHS = NO;
				CLANG_CXX_LANGUAGE_STANDARD = "gnu++0x";
				CLANG_CXX_LIBRARY = "libc++";
				CLANG_ENABLE_MODULES = YES;
				CLANG_ENABLE_OBJC_ARC = YES;
				CLANG_WARN_BOOL_CONVERSION = YES;
				CLANG_WARN_CONSTANT_CONVERSION = YES;
				CLANG_WARN_DIRECT_OBJC_ISA_USAGE = YES_ERROR;
				CLANG_WARN_EMPTY_BODY = YES;
				CLANG_WARN_ENUM_CONVERSION = YES;
				CLANG_WARN_INT_CONVERSION = YES;
				CLANG_WARN_OBJC_ROOT_CLASS = YES_ERROR;
				CLANG_WARN_UNREACHABLE_CODE = YES;
				CLANG_WARN__DUPLICATE_METHOD_MATCH = YES;
				"CODE_SIGN_IDENTITY[sdk=iphoneos*]" = "iPhone Developer";
				COPY_PHASE_STRIP = YES;
				ENABLE_NS_ASSERTIONS = NO;
				ENABLE_STRICT_OBJC_MSGSEND = YES;
				GCC_C_LANGUAGE_STANDARD = gnu99;
				GCC_WARN_64_TO_32_BIT_CONVERSION = YES;
				GCC_WARN_ABOUT_RETURN_TYPE = YES_ERROR;
				GCC_WARN_UNDECLARED_SELECTOR = YES;
				GCC_WARN_UNINITIALIZED_AUTOS = YES_AGGRESSIVE;
				GCC_WARN_UNUSED_FUNCTION = YES;
				GCC_WARN_UNUSED_VARIABLE = YES;
				IPHONEOS_DEPLOYMENT_TARGET = 8.0;
				METAL_ENABLE_DEBUG_INFO = NO;
				SDKROOT = iphoneos;
				VALIDATE_PRODUCT = YES;
			};
			name = Release;
		};
		6F257408195556B70021BD56 /* Debug */ = {
			isa = XCBuildConfiguration;
			buildSettings = {
				ASSETCATALOG_COMPILER_APPICON_NAME = AppIcon;
				ASSETCATALOG_COMPILER_LAUNCHIMAGE_NAME = LaunchImage;
				INFOPLIST_FILE = "Swifter Tutorial/Info.plist";
				LD_RUNPATH_SEARCH_PATHS = "$(inherited) @executable_path/Frameworks";
				PRODUCT_NAME = "$(TARGET_NAME)";
			};
			name = Debug;
		};
		6F257409195556B70021BD56 /* Release */ = {
			isa = XCBuildConfiguration;
			buildSettings = {
				ASSETCATALOG_COMPILER_APPICON_NAME = AppIcon;
				ASSETCATALOG_COMPILER_LAUNCHIMAGE_NAME = LaunchImage;
				INFOPLIST_FILE = "Swifter Tutorial/Info.plist";
				LD_RUNPATH_SEARCH_PATHS = "$(inherited) @executable_path/Frameworks";
				PRODUCT_NAME = "$(TARGET_NAME)";
			};
			name = Release;
		};
		6F25740B195556B70021BD56 /* Debug */ = {
			isa = XCBuildConfiguration;
			buildSettings = {
				BUNDLE_LOADER = "$(BUILT_PRODUCTS_DIR)/Swifter Tutorial.app/Swifter Tutorial";
				FRAMEWORK_SEARCH_PATHS = (
					"$(SDKROOT)/Developer/Library/Frameworks",
					"$(inherited)",
				);
				GCC_PREPROCESSOR_DEFINITIONS = (
					"DEBUG=1",
					"$(inherited)",
				);
				INFOPLIST_FILE = "Swifter TutorialTests/Info.plist";
				LD_RUNPATH_SEARCH_PATHS = "$(inherited) @executable_path/Frameworks @loader_path/Frameworks";
				METAL_ENABLE_DEBUG_INFO = YES;
				PRODUCT_NAME = "$(TARGET_NAME)";
				TEST_HOST = "$(BUNDLE_LOADER)";
			};
			name = Debug;
		};
		6F25740C195556B70021BD56 /* Release */ = {
			isa = XCBuildConfiguration;
			buildSettings = {
				BUNDLE_LOADER = "$(BUILT_PRODUCTS_DIR)/Swifter Tutorial.app/Swifter Tutorial";
				FRAMEWORK_SEARCH_PATHS = (
					"$(SDKROOT)/Developer/Library/Frameworks",
					"$(inherited)",
				);
				INFOPLIST_FILE = "Swifter TutorialTests/Info.plist";
				LD_RUNPATH_SEARCH_PATHS = "$(inherited) @executable_path/Frameworks @loader_path/Frameworks";
				METAL_ENABLE_DEBUG_INFO = NO;
				PRODUCT_NAME = "$(TARGET_NAME)";
				TEST_HOST = "$(BUNDLE_LOADER)";
			};
			name = Release;
		};
/* End XCBuildConfiguration section */

/* Begin XCConfigurationList section */
		6F2573E6195556B70021BD56 /* Build configuration list for PBXProject "Swifter Tutorial" */ = {
			isa = XCConfigurationList;
			buildConfigurations = (
				6F257405195556B70021BD56 /* Debug */,
				6F257406195556B70021BD56 /* Release */,
			);
			defaultConfigurationIsVisible = 0;
			defaultConfigurationName = Release;
		};
		6F257407195556B70021BD56 /* Build configuration list for PBXNativeTarget "Swifter Tutorial" */ = {
			isa = XCConfigurationList;
			buildConfigurations = (
				6F257408195556B70021BD56 /* Debug */,
				6F257409195556B70021BD56 /* Release */,
			);
			defaultConfigurationIsVisible = 0;
			defaultConfigurationName = Release;
		};
		6F25740A195556B70021BD56 /* Build configuration list for PBXNativeTarget "Swifter TutorialTests" */ = {
			isa = XCConfigurationList;
			buildConfigurations = (
				6F25740B195556B70021BD56 /* Debug */,
				6F25740C195556B70021BD56 /* Release */,
			);
			defaultConfigurationIsVisible = 0;
			defaultConfigurationName = Release;
		};
/* End XCConfigurationList section */
	};
	rootObject = 6F2573E3195556B70021BD56 /* Project object */;
}
